<Solution>
  <Folder Name="/src/">
    <Project Path="src/AdminService.Api/AdminService.Api.csproj" />
    <Project Path="src/AdminService.Infrastructure/AdminService.Infrastructure.csproj" />
  </Folder>
  <Project Path="AdminService.Application/AdminService.Application.csproj" Id="df509f98-9f65-4faf-84d0-9a966e300d4c" />
</Solution>
